# THIS IS AN AUTOGENERATED FILE. DO NOT EDIT THIS FILE DIRECTLY.
# yarn lockfile v1


react-magic-dropzone@^1.0.1:
  version "1.0.1"
  resolved "https://registry.yarnpkg.com/react-magic-dropzone/-/react-magic-dropzone-1.0.1.tgz#bfd25b77b57e7a04aaef0a28910563b707ee54df"
  integrity sha1-v9Jbd7V+egSq7wookQVjtwfuVN8=

react-webcam@^6.0.0:
  version "6.0.0"
  resolved "https://registry.yarnpkg.com/react-webcam/-/react-webcam-6.0.0.tgz#46dd9ba44cebe6bf3cc4ea2ff09d12243900abfa"
  integrity sha512-pw7067WYnDHRjAXYXrsLeig9/AAxCFDnnaEJzZ5ep6UZoYMqF4UNRtVkeTk0LotpwqT/c8vHisn/+QodNbUsQA==
